{
  "name": "tides-api",
  "version": "0.1.0",
  "lockfileVersion": 1,
  "requires": true,
  "dependencies": {
    "typescript": {
      "version": "3.9.6",
      "resolved": "https://plangrid.jfrog.io/plangrid/api/npm/npm/typescript/-/typescript-3.9.6.tgz",
      "integrity": "sha1-jz4BmKNMOuFwkbNVcdOv0xmZNlo="
    }
  }
}
